
Microsoft Visual Studio Solution File, Format Version 12.00
# Visual Studio Version 17
VisualStudioVersion = 17.3.32901.215
MinimumVisualStudioVersion = 10.0.40219.1
Project("{FAE04EC0-301F-11D3-BF4B-00C04F79EFBC}") = "АиП 23.09", "АиП 23.09\АиП 23.09.csproj", "{5BEEE913-7E0F-4018-A92B-4A2DA2C60F20}"
EndProject
Global
	GlobalSection(SolutionConfigurationPlatforms) = preSolution
		Debug|Any CPU = Debug|Any CPU
		Release|Any CPU = Release|Any CPU
	EndGlobalSection
	GlobalSection(ProjectConfigurationPlatforms) = postSolution
		{5BEEE913-7E0F-4018-A92B-4A2DA2C60F20}.Debug|Any CPU.ActiveCfg = Debug|Any CPU
		{5BEEE913-7E0F-4018-A92B-4A2DA2C60F20}.Debug|Any CPU.Build.0 = Debug|Any CPU
		{5BEEE913-7E0F-4018-A92B-4A2DA2C60F20}.Release|Any CPU.ActiveCfg = Release|Any CPU
		{5BEEE913-7E0F-4018-A92B-4A2DA2C60F20}.Release|Any CPU.Build.0 = Release|Any CPU
	EndGlobalSection
	GlobalSection(SolutionProperties) = preSolution
		HideSolutionNode = FALSE
	EndGlobalSection
	GlobalSection(ExtensibilityGlobals) = postSolution
		SolutionGuid = {10E2E290-44E6-472E-AE08-C9D92B369251}
	EndGlobalSection
EndGlobal
